# THIS IS AN AUTOGENERATED FILE. DO NOT EDIT THIS FILE DIRECTLY.
# yarn lockfile v1


"@aws-cdk/assets@1.204.0":
  version "1.204.0"
  resolved "https://registry.yarnpkg.com/@aws-cdk/assets/-/assets-1.204.0.tgz#64226409328c5fb71f53a32e87a93fd9dcfcc751"
  integrity sha512-rY9YHZ3gUWr+dLwTwSUWYbIfk/AXy4JZRkhLbunrtzjQhH+QMm/2IWIebfBGu+A5AlVRaFbRLonReuGP5WZoUQ==
  dependencies:
    "@aws-cdk/core" "1.204.0"
    "@aws-cdk/cx-api" "1.204.0"
    constructs "^3.3.69"

"@aws-cdk/aws-acmpca@1.204.0":
  version "1.204.0"
  resolved "https://registry.yarnpkg.com/@aws-cdk/aws-acmpca/-/aws-acmpca-1.204.0.tgz#059fee6e2dc168fbca6e3cc63b11a784519cc966"
  integrity sha512-2zyuQZwynwkz2qiuFDp088tglWXKX3q7saWRDqeuq2n2HE6PGuQRjd4zjl9nDGUVxQYtzzXyEuPyaEta8fg9lQ==
  dependencies:
    "@aws-cdk/core" "1.204.0"
    constructs "^3.3.69"

"@aws-cdk/aws-applicationautoscaling@1.204.0":
  version "1.204.0"
  resolved "https://registry.yarnpkg.com/@aws-cdk/aws-applicationautoscaling/-/aws-applicationautoscaling-1.204.0.tgz#f4e2f4855aa5aeff61013872ec08a2bf6de6ac93"
  integrity sha512-sEe2NODKUowJx2guM2SPfs/20gGdBq1C09M32b8c1im7K+PqQkHkE156nyz5Ml0hpsNeCZlRS17oKZ042aZevQ==
  dependencies:
    "@aws-cdk/aws-autoscaling-common" "1.204.0"
    "@aws-cdk/aws-cloudwatch" "1.204.0"
    "@aws-cdk/aws-iam" "1.204.0"
    "@aws-cdk/core" "1.204.0"
    constructs "^3.3.69"

"@aws-cdk/aws-autoscaling-common@1.204.0":
  version "1.204.0"
  resolved "https://registry.yarnpkg.com/@aws-cdk/aws-autoscaling-common/-/aws-autoscaling-common-1.204.0.tgz#e4afa50082a0be4c645d742dd017095a0b9f01b4"
  integrity sha512-P+PwbTaj28Eg9+/U9ZTXTh1gA7L9Z45GL+9xcEZvEqAkJt9MNgzZICavVZu1sMD74foK1r1ZOBXTsqV6wEiltQ==
  dependencies:
    "@aws-cdk/aws-iam" "1.204.0"
    "@aws-cdk/core" "1.204.0"
    constructs "^3.3.69"

"@aws-cdk/aws-certificatemanager@1.204.0":
  version "1.204.0"
  resolved "https://registry.yarnpkg.com/@aws-cdk/aws-certificatemanager/-/aws-certificatemanager-1.204.0.tgz#66773cebe425538cd7c1396679f8455390aeef44"
  integrity sha512-ZLykfAOb5Zbg/MFtzA+eHhMAK1xL32+oHKSK6tAYrgvv2aS42wJE4zSBV6jGCjnCkhcliUd5pwnACEl3ib0KLw==
  dependencies:
    "@aws-cdk/aws-acmpca" "1.204.0"
    "@aws-cdk/aws-cloudwatch" "1.204.0"
    "@aws-cdk/aws-iam" "1.204.0"
    "@aws-cdk/aws-lambda" "1.204.0"
    "@aws-cdk/aws-route53" "1.204.0"
    "@aws-cdk/core" "1.204.0"
    constructs "^3.3.69"

"@aws-cdk/aws-cloudformation@1.204.0":
  version "1.204.0"
  resolved "https://registry.yarnpkg.com/@aws-cdk/aws-cloudformation/-/aws-cloudformation-1.204.0.tgz#7e5f7f1f79b3c209d6f46dd1a6f1f12662215493"
  integrity sha512-9PkZa9mKLneB0My8wJC7lLZmPJsnOxNYy57ZZlRCQhK0eO6Jc9eVqrI29537W+3ireaEjCLEitkb8NO1FN/kQA==
  dependencies:
    "@aws-cdk/aws-iam" "1.204.0"
    "@aws-cdk/aws-lambda" "1.204.0"
    "@aws-cdk/aws-s3" "1.204.0"
    "@aws-cdk/aws-sns" "1.204.0"
    "@aws-cdk/core" "1.204.0"
    "@aws-cdk/cx-api" "1.204.0"
    constructs "^3.3.69"

"@aws-cdk/aws-cloudwatch@1.204.0":
  version "1.204.0"
  resolved "https://registry.yarnpkg.com/@aws-cdk/aws-cloudwatch/-/aws-cloudwatch-1.204.0.tgz#ebbff80bb5daafeac29e87d0983ab0e81e743a6d"
  integrity sha512-ADT2D+4FtB9Zcy/TlF2tswQmjmrPVgORYTkznQQ2SniCODHWzz558+G1RV+IVvWRdH7nYQtV0UEuGZKpffWh2w==
  dependencies:
    "@aws-cdk/aws-iam" "1.204.0"
    "@aws-cdk/core" "1.204.0"
    constructs "^3.3.69"

"@aws-cdk/aws-codeguruprofiler@1.204.0":
  version "1.204.0"
  resolved "https://registry.yarnpkg.com/@aws-cdk/aws-codeguruprofiler/-/aws-codeguruprofiler-1.204.0.tgz#c9ea55075f5d179193db823d4800369698f16c7f"
  integrity sha512-IrgY4SmVf9p5POfHm8BsPzaAO5lQTG7nhb5qN5AzS6zKCTuEjjTNHjx1TOfPV12mMIDAIVsK91mjDlAR88Mjbg==
  dependencies:
    "@aws-cdk/aws-iam" "1.204.0"
    "@aws-cdk/core" "1.204.0"
    constructs "^3.3.69"

"@aws-cdk/aws-codestarnotifications@1.204.0":
  version "1.204.0"
  resolved "https://registry.yarnpkg.com/@aws-cdk/aws-codestarnotifications/-/aws-codestarnotifications-1.204.0.tgz#4f67f4d6ee6d2dd25cf55422d28e42a400b0f7c3"
  integrity sha512-t//hSpC5/uVW2321YlbGabNVzhWayvqz+xSnagADGcT9qiq3KQR/uUlrgpHv1/eHRMk7EMrY9prlXeZpfzZ+cw==
  dependencies:
    "@aws-cdk/core" "1.204.0"
    constructs "^3.3.69"

"@aws-cdk/aws-ec2@1.204.0":
  version "1.204.0"
  resolved "https://registry.yarnpkg.com/@aws-cdk/aws-ec2/-/aws-ec2-1.204.0.tgz#5cbbed9e34b4333f345b2a332d19c7e8849dd34d"
  integrity sha512-SoqZEgzdfPW0aa+FQ0CjzbDG+X+sDu6/BnLL2O10lxpa+9Dc1iyArAqNKFJG5KXGJe9ibvQXyNQqEjeGRFc22Q==
  dependencies:
    "@aws-cdk/aws-cloudwatch" "1.204.0"
    "@aws-cdk/aws-iam" "1.204.0"
    "@aws-cdk/aws-kms" "1.204.0"
    "@aws-cdk/aws-logs" "1.204.0"
    "@aws-cdk/aws-s3" "1.204.0"
    "@aws-cdk/aws-s3-assets" "1.204.0"
    "@aws-cdk/aws-ssm" "1.204.0"
    "@aws-cdk/cloud-assembly-schema" "1.204.0"
    "@aws-cdk/core" "1.204.0"
    "@aws-cdk/cx-api" "1.204.0"
    "@aws-cdk/region-info" "1.204.0"
    constructs "^3.3.69"

"@aws-cdk/aws-ecr-assets@1.204.0":
  version "1.204.0"
  resolved "https://registry.yarnpkg.com/@aws-cdk/aws-ecr-assets/-/aws-ecr-assets-1.204.0.tgz#c4dd58d08af1e4a37f0b8c41517d600377efa013"
  integrity sha512-2GHD3pZdDoPxq3HhD4czANuI7TMoxpjszbzsQAc2wbdMX1j+K4vIL+PBpj3altfscPqcvy1v70lBjbG5rcBIkQ==
  dependencies:
    "@aws-cdk/assets" "1.204.0"
    "@aws-cdk/aws-ecr" "1.204.0"
    "@aws-cdk/aws-iam" "1.204.0"
    "@aws-cdk/aws-s3" "1.204.0"
    "@aws-cdk/core" "1.204.0"
    "@aws-cdk/cx-api" "1.204.0"
    constructs "^3.3.69"

"@aws-cdk/aws-ecr@1.204.0":
  version "1.204.0"
  resolved "https://registry.yarnpkg.com/@aws-cdk/aws-ecr/-/aws-ecr-1.204.0.tgz#26b3e0027f00025e525af01a359916d0952d62b4"
  integrity sha512-oCts9e+ackWoFHeyn/3oKm3X1lSizleWNNXHp5WGM38lpNVrtCLMKSShu5iXJBhqRH2Mz1AcA4fDMWhe8DvJFA==
  dependencies:
    "@aws-cdk/aws-events" "1.204.0"
    "@aws-cdk/aws-iam" "1.204.0"
    "@aws-cdk/aws-kms" "1.204.0"
    "@aws-cdk/core" "1.204.0"
    constructs "^3.3.69"

"@aws-cdk/aws-efs@1.204.0":
  version "1.204.0"
  resolved "https://registry.yarnpkg.com/@aws-cdk/aws-efs/-/aws-efs-1.204.0.tgz#3fa08ec0aef1f8123f43da8317c38def45f45727"
  integrity sha512-FB6nHgCuzYF5K9ywqYPEPjL2G1ATLIR9dJp1p4ydcEUuXDb4KSEVN4Bgx+q1e7EkWGIq+9glr+ckheEcTvETgw==
  dependencies:
    "@aws-cdk/aws-ec2" "1.204.0"
    "@aws-cdk/aws-iam" "1.204.0"
    "@aws-cdk/aws-kms" "1.204.0"
    "@aws-cdk/cloud-assembly-schema" "1.204.0"
    "@aws-cdk/core" "1.204.0"
    "@aws-cdk/cx-api" "1.204.0"
    constructs "^3.3.69"

"@aws-cdk/aws-events@1.204.0":
  version "1.204.0"
  resolved "https://registry.yarnpkg.com/@aws-cdk/aws-events/-/aws-events-1.204.0.tgz#4f51f9cb0d9194926e5ea8847ff1edcfd628c675"
  integrity sha512-KnfUmtv+4RhydD9+5CHFxNJxtgn7+Xftwfwg1G7qV/tWYPFHcNIvhlSOgwDrQPa+pTo1MmkiUN0lAR0G8B/cbw==
  dependencies:
    "@aws-cdk/aws-iam" "1.204.0"
    "@aws-cdk/core" "1.204.0"
    constructs "^3.3.69"

"@aws-cdk/aws-iam@1.204.0":
  version "1.204.0"
  resolved "https://registry.yarnpkg.com/@aws-cdk/aws-iam/-/aws-iam-1.204.0.tgz#badff9e72fb8321e868ec9e01d1c87e9e1c8fc13"
  integrity sha512-Fh2egW3v/uDdw3m4jvcupS7COL/+sJl2NHjz9l298ddyMxqDwJD2NQwE8mvgPLK4rDtAtDnE0c8RS6d+NWiC+w==
  dependencies:
    "@aws-cdk/core" "1.204.0"
    "@aws-cdk/cx-api" "1.204.0"
    "@aws-cdk/region-info" "1.204.0"
    constructs "^3.3.69"

"@aws-cdk/aws-kms@1.204.0":
  version "1.204.0"
  resolved "https://registry.yarnpkg.com/@aws-cdk/aws-kms/-/aws-kms-1.204.0.tgz#fedde4b7e62b7277e346271634ee278618695b1f"
  integrity sha512-iryZQ428L1VUVQ0zE96XTWWX7ANVtDrb6x+ZXXLTVUEPgjEd/W6zlcp++Qi0A3a9HLNd4PbEhK9rs0UKNTylzw==
  dependencies:
    "@aws-cdk/aws-iam" "1.204.0"
    "@aws-cdk/cloud-assembly-schema" "1.204.0"
    "@aws-cdk/core" "1.204.0"
    "@aws-cdk/cx-api" "1.204.0"
    constructs "^3.3.69"

"@aws-cdk/aws-lambda@1.204.0":
  version "1.204.0"
  resolved "https://registry.yarnpkg.com/@aws-cdk/aws-lambda/-/aws-lambda-1.204.0.tgz#2b5a7f6a75ddb82a6960fae2ab0ea6041d4250d8"
  integrity sha512-r0XXovrLAx8Q8Fz915SwzyQM/KLhEB6YCp3CsWliFGSOHEjRP8yX8UZdEJqe5kYD7Th9JAhUVzKgyv20P7g5Tg==
  dependencies:
    "@aws-cdk/aws-applicationautoscaling" "1.204.0"
    "@aws-cdk/aws-cloudwatch" "1.204.0"
    "@aws-cdk/aws-codeguruprofiler" "1.204.0"
    "@aws-cdk/aws-ec2" "1.204.0"
    "@aws-cdk/aws-ecr" "1.204.0"
    "@aws-cdk/aws-ecr-assets" "1.204.0"
    "@aws-cdk/aws-efs" "1.204.0"
    "@aws-cdk/aws-events" "1.204.0"
    "@aws-cdk/aws-iam" "1.204.0"
    "@aws-cdk/aws-kms" "1.204.0"
    "@aws-cdk/aws-logs" "1.204.0"
    "@aws-cdk/aws-s3" "1.204.0"
    "@aws-cdk/aws-s3-assets" "1.204.0"
    "@aws-cdk/aws-signer" "1.204.0"
    "@aws-cdk/aws-sns" "1.204.0"
    "@aws-cdk/aws-sqs" "1.204.0"
    "@aws-cdk/core" "1.204.0"
    "@aws-cdk/cx-api" "1.204.0"
    "@aws-cdk/region-info" "1.204.0"
    constructs "^3.3.69"

"@aws-cdk/aws-logs@1.204.0":
  version "1.204.0"
  resolved "https://registry.yarnpkg.com/@aws-cdk/aws-logs/-/aws-logs-1.204.0.tgz#df5e1f034045eb21da4107c5c45f51ebc2d7f33e"
  integrity sha512-PuHsDSkX6JFBgldxViGw91eFLageJ2cX89/RyLbWaJJUV4tlUKXSmmkVgOaBmvil0QKuGqbOzLXcXCoIK9Sg3A==
  dependencies:
    "@aws-cdk/aws-cloudwatch" "1.204.0"
    "@aws-cdk/aws-iam" "1.204.0"
    "@aws-cdk/aws-kms" "1.204.0"
    "@aws-cdk/aws-s3-assets" "1.204.0"
    "@aws-cdk/core" "1.204.0"
    "@aws-cdk/cx-api" "1.204.0"
    constructs "^3.3.69"

"@aws-cdk/aws-route53@1.204.0":
  version "1.204.0"
  resolved "https://registry.yarnpkg.com/@aws-cdk/aws-route53/-/aws-route53-1.204.0.tgz#bd25387cb8d9c013eb19db3df3b39f976d20fd03"
  integrity sha512-wQpGUXqc2y7yJFTipfuVxWy/VGeshyGlfGl4evusQK9Md0DMpVmG8kRgazLk1myqUSNSfi643UwvDJqNbYmdnA==
  dependencies:
    "@aws-cdk/aws-ec2" "1.204.0"
    "@aws-cdk/aws-iam" "1.204.0"
    "@aws-cdk/aws-logs" "1.204.0"
    "@aws-cdk/cloud-assembly-schema" "1.204.0"
    "@aws-cdk/core" "1.204.0"
    "@aws-cdk/custom-resources" "1.204.0"
    constructs "^3.3.69"

"@aws-cdk/aws-s3-assets@1.204.0":
  version "1.204.0"
  resolved "https://registry.yarnpkg.com/@aws-cdk/aws-s3-assets/-/aws-s3-assets-1.204.0.tgz#3b9f94681b9410bb4ad05833c657544b831966eb"
  integrity sha512-3MQbVZ95wW29Bl63tqu0Bz0td3osLyGg352l5G7Ztf3nK35FpuQlgxO4kcu74+s2sRwdd/R4KFV6eWhhPk+J7g==
  dependencies:
    "@aws-cdk/assets" "1.204.0"
    "@aws-cdk/aws-iam" "1.204.0"
    "@aws-cdk/aws-kms" "1.204.0"
    "@aws-cdk/aws-s3" "1.204.0"
    "@aws-cdk/core" "1.204.0"
    "@aws-cdk/cx-api" "1.204.0"
    constructs "^3.3.69"

"@aws-cdk/aws-s3@1.204.0":
  version "1.204.0"
  resolved "https://registry.yarnpkg.com/@aws-cdk/aws-s3/-/aws-s3-1.204.0.tgz#230dfe845ddc515f9700193db961a06ab62b36f7"
  integrity sha512-jsQ4n1L4MdPYDirBoOYgg7yzSk1TaFYo4dnwDlKiLJ5LcHG3Nai1cHb9XQbCy/9KKqbWsbd3WlkH+vcWEl8EUA==
  dependencies:
    "@aws-cdk/aws-events" "1.204.0"
    "@aws-cdk/aws-iam" "1.204.0"
    "@aws-cdk/aws-kms" "1.204.0"
    "@aws-cdk/core" "1.204.0"
    "@aws-cdk/cx-api" "1.204.0"
    constructs "^3.3.69"

"@aws-cdk/aws-sam@1.204.0":
  version "1.204.0"
  resolved "https://registry.yarnpkg.com/@aws-cdk/aws-sam/-/aws-sam-1.204.0.tgz#c06ae2984c3928f116ef0706759526e844375232"
  integrity sha512-8M3e1ZT6/nO6Yxtr7YtcrTF5YG6kjw8PcnOjda0SfUFo8Xya7oi1OZvDRIfAeOexsIgqjKSV8s7brDrWM5DIpg==
  dependencies:
    "@aws-cdk/core" "1.204.0"
    constructs "^3.3.69"

"@aws-cdk/aws-secretsmanager@1.204.0":
  version "1.204.0"
  resolved "https://registry.yarnpkg.com/@aws-cdk/aws-secretsmanager/-/aws-secretsmanager-1.204.0.tgz#bbbbbfd9b0722bc3300d9d5a1e0b6b38b1122da1"
  integrity sha512-ykpjYmP6qVOFbHtkaQBu3Xk7xp2UTR0ouzk7pb+zrEHKGmRvzGq+8J0IU+qXBJgQIVwFAPf2IgOSTzj6FJPdyA==
  dependencies:
    "@aws-cdk/aws-ec2" "1.204.0"
    "@aws-cdk/aws-iam" "1.204.0"
    "@aws-cdk/aws-kms" "1.204.0"
    "@aws-cdk/aws-lambda" "1.204.0"
    "@aws-cdk/aws-sam" "1.204.0"
    "@aws-cdk/core" "1.204.0"
    "@aws-cdk/cx-api" "1.204.0"
    constructs "^3.3.69"

"@aws-cdk/aws-signer@1.204.0":
  version "1.204.0"
  resolved "https://registry.yarnpkg.com/@aws-cdk/aws-signer/-/aws-signer-1.204.0.tgz#2a8b0c78007f8c78009b065c39020bce3d001f72"
  integrity sha512-AI26FhWF3+f/vDh3mleQa2CXv2/CmSerXgyk4XHMVVTTCjnlYGGmHmGlzYhqOSw6ALpQNdOSw8GVxU/ySpQCaw==
  dependencies:
    "@aws-cdk/core" "1.204.0"
    constructs "^3.3.69"

"@aws-cdk/aws-sns@1.204.0":
  version "1.204.0"
  resolved "https://registry.yarnpkg.com/@aws-cdk/aws-sns/-/aws-sns-1.204.0.tgz#6519eaed4bb3aa2deb3171186ce0b1ccb0105d08"
  integrity sha512-KoWxqKT/dTjt9Pk0a3kJLcd6xZHvrwbZDC0mrLtxdRNhQoHmnURAHW2UqX/lefrCU1GcUFf4L58N9ehBTunAFQ==
  dependencies:
    "@aws-cdk/aws-cloudwatch" "1.204.0"
    "@aws-cdk/aws-codestarnotifications" "1.204.0"
    "@aws-cdk/aws-events" "1.204.0"
    "@aws-cdk/aws-iam" "1.204.0"
    "@aws-cdk/aws-kms" "1.204.0"
    "@aws-cdk/aws-sqs" "1.204.0"
    "@aws-cdk/core" "1.204.0"
    constructs "^3.3.69"

"@aws-cdk/aws-sqs@1.204.0":
  version "1.204.0"
  resolved "https://registry.yarnpkg.com/@aws-cdk/aws-sqs/-/aws-sqs-1.204.0.tgz#0a997bdc427a4da346d8e16542be8fa7bc4929b6"
  integrity sha512-dVzuGMh6d5/X9P9jel1w2Wgdy5MuSE35+eBSFxN+S7oJRoVSARpyKMNYAPMCW+2OJCDw7fIqO1rWbsZBT1Gq8g==
  dependencies:
    "@aws-cdk/aws-cloudwatch" "1.204.0"
    "@aws-cdk/aws-iam" "1.204.0"
    "@aws-cdk/aws-kms" "1.204.0"
    "@aws-cdk/core" "1.204.0"
    constructs "^3.3.69"

"@aws-cdk/aws-ssm@1.204.0":
  version "1.204.0"
  resolved "https://registry.yarnpkg.com/@aws-cdk/aws-ssm/-/aws-ssm-1.204.0.tgz#586e7118c6ee36c20b227de2bd5926e53e37fffc"
  integrity sha512-yYx7HZ8cWNXDAmX/99WkB477QhLoV2rcB8orei8aj7nRkNq5TMjeox0IJaZVgU+edNEDOi1fVX3flh0SAMiUrg==
  dependencies:
    "@aws-cdk/aws-iam" "1.204.0"
    "@aws-cdk/aws-kms" "1.204.0"
    "@aws-cdk/cloud-assembly-schema" "1.204.0"
    "@aws-cdk/core" "1.204.0"
    constructs "^3.3.69"

"@aws-cdk/cloud-assembly-schema@1.204.0":
  version "1.204.0"
  resolved "https://registry.yarnpkg.com/@aws-cdk/cloud-assembly-schema/-/cloud-assembly-schema-1.204.0.tgz#2d9f44ad764b0700b334dd3392c573d06a3f9045"
  integrity sha512-DMNSR4DNKMNNfhOq1UizwZvesOKdhk3R3gRigrvWBHIkHMQg+W6aZFl7WZLKSBkChAXhIsH///psjhDQ20gl1w==
  dependencies:
    jsonschema "^1.4.1"
    semver "^7.3.8"

"@aws-cdk/core@1.204.0":
  version "1.204.0"
  resolved "https://registry.yarnpkg.com/@aws-cdk/core/-/core-1.204.0.tgz#456909d3977cfc89b05a286160e6c8e8f6271fb0"
  integrity sha512-yO/flJ9ihpzRhLTEqlbdbuPGtyyghHiiQPkUTLslwUM5vThVTbpgvW4UQHSGqytyst4MYXrN2jQn2RkwIRU57g==
  dependencies:
    "@aws-cdk/cloud-assembly-schema" "1.204.0"
    "@aws-cdk/cx-api" "1.204.0"
    "@aws-cdk/region-info" "1.204.0"
    "@balena/dockerignore" "^1.0.2"
    constructs "^3.3.69"
    fs-extra "^9.1.0"
    ignore "^5.2.4"
    minimatch "^3.1.2"

"@aws-cdk/custom-resources@1.204.0":
  version "1.204.0"
  resolved "https://registry.yarnpkg.com/@aws-cdk/custom-resources/-/custom-resources-1.204.0.tgz#fd3ed5efdf17d8ea20185eb9101c8183bca18c66"
  integrity sha512-0w3oi7LnAtMZpf7uUBDH6aT2Oo1EBQrqD+VTvPZDX8PJFAox8ol7buZ9sSTpIXgv9j/GK9yaPTIHt4m8ok9kVQ==
  dependencies:
    "@aws-cdk/aws-cloudformation" "1.204.0"
    "@aws-cdk/aws-ec2" "1.204.0"
    "@aws-cdk/aws-iam" "1.204.0"
    "@aws-cdk/aws-lambda" "1.204.0"
    "@aws-cdk/aws-logs" "1.204.0"
    "@aws-cdk/aws-sns" "1.204.0"
    "@aws-cdk/core" "1.204.0"
    constructs "^3.3.69"

"@aws-cdk/cx-api@1.204.0":
  version "1.204.0"
  resolved "https://registry.yarnpkg.com/@aws-cdk/cx-api/-/cx-api-1.204.0.tgz#708b7bc5e9e0df214d74a19d9dcf80ad54188cdf"
  integrity sha512-Juh/jL1kFPD5JcI9Uu6X0mM2L6hBCN5grdjSS40F8dThbH25VPzFBejaKjiy5nP1UZB83X+HW3utYOEi97DqxA==
  dependencies:
    "@aws-cdk/cloud-assembly-schema" "1.204.0"
    semver "^7.3.8"

"@aws-cdk/region-info@1.204.0":
  version "1.204.0"
  resolved "https://registry.yarnpkg.com/@aws-cdk/region-info/-/region-info-1.204.0.tgz#10f41cd7cd8c851108e386758cc850c6cb25dbf3"
  integrity sha512-lPkYJNoN4Gjlf0Fdfgcd1RTm5RD9qtfaFMwVvTn2KGTr7ZqmFskGQ9FqIcd5vd6GmsbAL8OrFOToLr1AHDuOiQ==

"@balena/dockerignore@^1.0.2":
  version "1.0.2"
  resolved "https://registry.yarnpkg.com/@balena/dockerignore/-/dockerignore-1.0.2.tgz#9ffe4726915251e8eb69f44ef3547e0da2c03e0d"
  integrity sha512-wMue2Sy4GAVTk6Ic4tJVcnfdau+gx2EnG7S+uAEe+TWJFqE4YoWN4/H8MSLj4eYJKxGg26lZwboEniNiNwZQ6Q==

"@types/node@^14.0.27":
  version "14.18.63"
  resolved "https://registry.yarnpkg.com/@types/node/-/node-14.18.63.tgz#1788fa8da838dbb5f9ea994b834278205db6ca2b"
  integrity sha512-fAtCfv4jJg+ExtXhvCkCqUKZ+4ok/JQk01qDKhL5BDDoS3AxKXhV5/MAVUZyQnSEd2GT92fkgZl0pz0Q0AzcIQ==

at-least-node@^1.0.0:
  version "1.0.0"
  resolved "https://registry.yarnpkg.com/at-least-node/-/at-least-node-1.0.0.tgz#602cd4b46e844ad4effc92a8011a3c46e0238dc2"
  integrity sha512-+q/t7Ekv1EDY2l6Gda6LLiX14rU9TV20Wa3ofeQmwPFZbOMo9DXrLbOjFaaclkXKWidIaopwAObQDqwWtGUjqg==

aws-cdk@1.204.0:
  version "1.204.0"
  resolved "https://registry.yarnpkg.com/aws-cdk/-/aws-cdk-1.204.0.tgz#93f7297884927bf1b10f471eb5bd50ebb8a75fa1"
  integrity sha512-LK/kLRoUvrC9bUpaYP/ILNQGMfq8xvIemg3jpvmkwSVCekHA6oLQ4cQQ2vzVrpPF9SLDkBNsZqOdc3WijtuCzg==
  optionalDependencies:
    fsevents "2.3.2"

balanced-match@^1.0.0:
  version "1.0.2"
  resolved "https://registry.yarnpkg.com/balanced-match/-/balanced-match-1.0.2.tgz#e83e3a7e3f300b34cb9d87f615fa0cbf357690ee"
  integrity sha512-3oSeUO0TMV67hN1AmbXsK4yaqU7tjiHlbxRDZOpH0KW9+CeX4bRAaX0Anxt0tx2MrpRpWwQaPwIlISEJhYU5Pw==

brace-expansion@^1.1.7:
  version "1.1.12"
  resolved "https://registry.yarnpkg.com/brace-expansion/-/brace-expansion-1.1.12.tgz#ab9b454466e5a8cc3a187beaad580412a9c5b843"
  integrity sha512-9T9UjW3r0UW5c1Q7GTwllptXwhvYmEzFhzMfZ9H7FQWt+uZePjZPjBP/W1ZEyZ1twGWom5/56TF4lPcqjnDHcg==
  dependencies:
    balanced-match "^1.0.0"
    concat-map "0.0.1"

concat-map@0.0.1:
  version "0.0.1"
  resolved "https://registry.yarnpkg.com/concat-map/-/concat-map-0.0.1.tgz#d8a96bd77fd68df7793a73036a3ba0d5405d477b"
  integrity sha512-/Srv4dswyQNBfohGpz9o6Yb3Gz3SrUDqBH5rTuhGR7ahtlbYKnVxw2bCFMRljaA7EXHaXZ8wsHdodFvbkhKmqg==

constructs@^3.3.69:
  version "3.4.344"
  resolved "https://registry.yarnpkg.com/constructs/-/constructs-3.4.344.tgz#731b2621e7dd611f303295a777ab7f90437ba464"
  integrity sha512-Qq3upn44oGdvgasHUKWVFsrynyYrtVRd9fd8ko9cJOrFzx9eCm3iI4bhBryQqaISdausbTYUOXmoEe/YSJ16Nw==

fs-extra@^9.1.0:
  version "9.1.0"
  resolved "https://registry.yarnpkg.com/fs-extra/-/fs-extra-9.1.0.tgz#5954460c764a8da2094ba3554bf839e6b9a7c86d"
  integrity sha512-hcg3ZmepS30/7BSFqRvoo3DOMQu7IjqxO5nCDt+zM9XWjb33Wg7ziNT+Qvqbuc3+gWpzO02JubVyk2G4Zvo1OQ==
  dependencies:
    at-least-node "^1.0.0"
    graceful-fs "^4.2.0"
    jsonfile "^6.0.1"
    universalify "^2.0.0"

fsevents@2.3.2:
  version "2.3.2"
  resolved "https://registry.yarnpkg.com/fsevents/-/fsevents-2.3.2.tgz#8a526f78b8fdf4623b709e0b975c52c24c02fd1a"
  integrity sha512-xiqMQR4xAeHTuB9uWm+fFRcIOgKBMiOBP+eXiyT7jsgVCq1bkVygt00oASowB7EdtpOHaaPgKt812P9ab+DDKA==

graceful-fs@^4.1.6, graceful-fs@^4.2.0:
  version "4.2.11"
  resolved "https://registry.yarnpkg.com/graceful-fs/-/graceful-fs-4.2.11.tgz#4183e4e8bf08bb6e05bbb2f7d2e0c8f712ca40e3"
  integrity sha512-RbJ5/jmFcNNCcDV5o9eTnBLJ/HszWV0P73bc+Ff4nS/rJj+YaS6IGyiOL0VoBYX+l1Wrl3k63h/KrH+nhJ0XvQ==

ignore@^5.2.4:
  version "5.3.2"
  resolved "https://registry.yarnpkg.com/ignore/-/ignore-5.3.2.tgz#3cd40e729f3643fd87cb04e50bf0eb722bc596f5"
  integrity sha512-hsBTNUqQTDwkWtcdYI2i06Y/nUBEsNEDJKjWdigLvegy8kDuJAS8uRlpkkcQpyEXL0Z/pjDy5HBmMjRCJ2gq+g==

jsonfile@^6.0.1:
  version "6.2.0"
  resolved "https://registry.yarnpkg.com/jsonfile/-/jsonfile-6.2.0.tgz#7c265bd1b65de6977478300087c99f1c84383f62"
  integrity sha512-FGuPw30AdOIUTRMC2OMRtQV+jkVj2cfPqSeWXv1NEAJ1qZ5zb1X6z1mFhbfOB/iy3ssJCD+3KuZ8r8C3uVFlAg==
  dependencies:
    universalify "^2.0.0"
  optionalDependencies:
    graceful-fs "^4.1.6"

jsonschema@^1.4.1:
  version "1.5.0"
  resolved "https://registry.yarnpkg.com/jsonschema/-/jsonschema-1.5.0.tgz#f6aceb1ab9123563dd901d05f81f9d4883d3b7d8"
  integrity sha512-K+A9hhqbn0f3pJX17Q/7H6yQfD/5OXgdrR5UE12gMXCiN9D5Xq2o5mddV2QEcX/bjla99ASsAAQUyMCCRWAEhw==

minimatch@^3.1.2:
  version "3.1.5"
  resolved "https://registry.yarnpkg.com/minimatch/-/minimatch-3.1.5.tgz#580c88f8d5445f2bd6aa8f3cadefa0de79fbd69e"
  integrity sha512-VgjWUsnnT6n+NUk6eZq77zeFdpW2LWDzP6zFGrCbHXiYNul5Dzqk2HHQ5uFH2DNW5Xbp8+jVzaeNt94ssEEl4w==
  dependencies:
    brace-expansion "^1.1.7"

semver@^7.3.8:
  version "7.7.4"
  resolved "https://registry.yarnpkg.com/semver/-/semver-7.7.4.tgz#28464e36060e991fa7a11d0279d2d3f3b57a7e8a"
  integrity sha512-vFKC2IEtQnVhpT78h1Yp8wzwrf8CM+MzKMHGJZfBtzhZNycRFnXsHk6E5TxIkkMsgNS7mdX3AGB7x2QM2di4lA==

typescript@3.9.7:
  version "3.9.7"
  resolved "https://registry.yarnpkg.com/typescript/-/typescript-3.9.7.tgz#98d600a5ebdc38f40cb277522f12dc800e9e25fa"
  integrity sha512-BLbiRkiBzAwsjut4x/dsibSTB6yWpwT5qWmC2OfuCg3GgVQCSgMs4vEctYPhsaGtd0AeuuHMkjZ2h2WG8MSzRw==

universalify@^2.0.0:
  version "2.0.1"
  resolved "https://registry.yarnpkg.com/universalify/-/universalify-2.0.1.tgz#168efc2180964e6386d061e094df61afe239b18d"
  integrity sha512-gptHNQghINnc/vTGIk0SOFGFNXw7JVrlRUtConJRlvaw6DuX0wO5Jeko9sWrMBhh+PsYAZ7oXAiOnf/UKogyiw==
